<?xml version="1.0" encoding="utf-8"?>
<Project ToolsVersion="4.0" xmlns="http://schemas.microsoft.com/developer/msbuild/2003">
  <ItemGroup>
    <Filter Include="Header Files">
      <UniqueIdentifier>{f8aeed76-610c-4ed9-8c1e-fef9f0839ca7}</UniqueIdentifier>
    </Filter>
    <Filter Include="Inline Files">
      <UniqueIdentifier>{2b8b90dd-bd86-4aca-95fe-ee0bc22eb309}</UniqueIdentifier>
    </Filter>
    <Filter Include="Source Files">
      <UniqueIdentifier>{93a05005-686c-4a6d-a0f4-08c22501f9ee}</UniqueIdentifier>
    </Filter>
    <Filter Include="Script Files">
      <UniqueIdentifier>{d05f3dcb-8b38-49cc-9f4f-3fbf4c865635}</UniqueIdentifier>
    </Filter>
  </ItemGroup>
</Project>