<?xml version="1.0" encoding="utf-8"?>
<Project ToolsVersion="4.0" xmlns="http://schemas.microsoft.com/developer/msbuild/2003">
  <ItemGroup>
    <Filter Include="Source Files">
      <UniqueIdentifier>{4FC737F1-C7A5-4376-A066-2A32D752A2FF}</UniqueIdentifier>
      <Extensions>cpp;c;cc;cxx;c++;cppm;ixx;def;odl;idl;hpj;bat;asm;asmx</Extensions>
    </Filter>
    <Filter Include="Header Files">
      <UniqueIdentifier>{510f32dd-6cb2-433a-8147-86963cee40b4}</UniqueIdentifier>
    </Filter>
    <Filter Include="Inline Files">
      <UniqueIdentifier>{08317b8f-7ff6-45a3-bd57-4b4a9e878461}</UniqueIdentifier>
    </Filter>
    <Filter Include="Script Files">
      <UniqueIdentifier>{cbb2aabf-ef65-40c3-9b69-96da3f543774}</UniqueIdentifier>
    </Filter>
  </ItemGroup>
  <ItemGroup>
    <None Include="scripts\script template.gdns">
      <Filter>Script Files</Filter>
    </None>
    <None Include="scripts\main.gdnlib">
      <Filter>Script Files</Filter>
    </None>
  </ItemGroup>
  <ItemGroup>
    <ClCompile Include="src\main.cpp">
      <Filter>Source Files</Filter>
    </ClCompile>
  </ItemGroup>
</Project>