
Microsoft Visual Studio Solution File, Format Version 12.00
# Visual Studio Version 16
VisualStudioVersion = 16.0.33927.289
MinimumVisualStudioVersion = 10.0.40219.1
Project("{2150E333-8FDC-42A3-9474-1A3956D46DE8}") = "build", "build", "{962C9A51-8676-466B-B506-D147AA648AD7}"
EndProject
Project("{2150E333-8FDC-42A3-9474-1A3956D46DE8}") = "platform", "platform", "{D2AC1776-57C3-40FF-A0F4-6B5179BD8ADD}"
EndProject
Project("{2150E333-8FDC-42A3-9474-1A3956D46DE8}") = "property", "property", "{5D49DEDD-120C-4D97-8660-60E56B09BFC7}"
	ProjectSection(SolutionItems) = preProject
		property.android.props = property.android.props
		property.general.props = property.general.props
		property.windows.props = property.windows.props
	EndProjectSection
EndProject
Project("{8BC9CEB8-8B4A-11D0-8D11-00A0C91BC942}") = "build.android", "build.android.vcxproj", "{B863BA1D-D867-405C-B3B5-309221108F64}"
EndProject
Project("{8BC9CEB8-8B4A-11D0-8D11-00A0C91BC942}") = "build.windows", "build.windows.vcxproj", "{CB9CF3AA-60D8-44D5-8BA8-21FA60D2AE9C}"
EndProject
Project("{8BC9CEB8-8B4A-11D0-8D11-00A0C91BC942}") = "dev", "dev.vcxitems", "{A1078983-ABB0-4EDA-9005-9B89147FD556}"
EndProject
Project("{8BC9CEB8-8B4A-11D0-8D11-00A0C91BC942}") = "platform.android", "platform.android.vcxproj", "{B38682DB-FEB5-4847-885B-4A72FBB6179D}"
EndProject
Project("{8BC9CEB8-8B4A-11D0-8D11-00A0C91BC942}") = "platform.windows", "platform.windows.vcxproj", "{B18D92CA-D032-4064-B4F7-8C9B6CDA15A2}"
EndProject
Project("{8BC9CEB8-8B4A-11D0-8D11-00A0C91BC942}") = "build.files", "build.files.vcxitems", "{107EC0F0-37AC-40DF-8CAF-1AE71D7C300D}"
EndProject
Global
	GlobalSection(SharedMSBuildProjectFiles) = preSolution
		build.files.vcxitems*{107ec0f0-37ac-40df-8caf-1ae71d7c300d}*SharedItemsImports = 9
		dev.vcxitems*{a1078983-abb0-4eda-9005-9b89147fd556}*SharedItemsImports = 9
		dev.vcxitems*{b18d92ca-d032-4064-b4f7-8c9b6cda15a2}*SharedItemsImports = 4
		dev.vcxitems*{b38682db-feb5-4847-885b-4a72fbb6179d}*SharedItemsImports = 4
		build.files.vcxitems*{b863ba1d-d867-405c-b3b5-309221108f64}*SharedItemsImports = 4
		build.files.vcxitems*{cb9cf3aa-60d8-44d5-8ba8-21fa60d2ae9c}*SharedItemsImports = 4
	EndGlobalSection
	GlobalSection(SolutionConfigurationPlatforms) = preSolution
		Debug|ARM = Debug|ARM
		Debug|ARM64 = Debug|ARM64
		Debug|x64 = Debug|x64
		Debug|x86 = Debug|x86
		Release|ARM = Release|ARM
		Release|ARM64 = Release|ARM64
		Release|x64 = Release|x64
		Release|x86 = Release|x86
	EndGlobalSection
	GlobalSection(ProjectConfigurationPlatforms) = postSolution
		{B863BA1D-D867-405C-B3B5-309221108F64}.Debug|ARM.ActiveCfg = Debug|ARM
		{B863BA1D-D867-405C-B3B5-309221108F64}.Debug|ARM.Build.0 = Debug|ARM
		{B863BA1D-D867-405C-B3B5-309221108F64}.Debug|ARM64.ActiveCfg = Debug|ARM64
		{B863BA1D-D867-405C-B3B5-309221108F64}.Debug|ARM64.Build.0 = Debug|ARM64
		{B863BA1D-D867-405C-B3B5-309221108F64}.Debug|x64.ActiveCfg = Debug|x64
		{B863BA1D-D867-405C-B3B5-309221108F64}.Debug|x64.Build.0 = Debug|x64
		{B863BA1D-D867-405C-B3B5-309221108F64}.Debug|x86.ActiveCfg = Debug|x86
		{B863BA1D-D867-405C-B3B5-309221108F64}.Debug|x86.Build.0 = Debug|x86
		{B863BA1D-D867-405C-B3B5-309221108F64}.Release|ARM.ActiveCfg = Release|ARM
		{B863BA1D-D867-405C-B3B5-309221108F64}.Release|ARM.Build.0 = Release|ARM
		{B863BA1D-D867-405C-B3B5-309221108F64}.Release|ARM64.ActiveCfg = Release|ARM64
		{B863BA1D-D867-405C-B3B5-309221108F64}.Release|ARM64.Build.0 = Release|ARM64
		{B863BA1D-D867-405C-B3B5-309221108F64}.Release|x64.ActiveCfg = Release|x64
		{B863BA1D-D867-405C-B3B5-309221108F64}.Release|x64.Build.0 = Release|x64
		{B863BA1D-D867-405C-B3B5-309221108F64}.Release|x86.ActiveCfg = Release|x86
		{B863BA1D-D867-405C-B3B5-309221108F64}.Release|x86.Build.0 = Release|x86
		{CB9CF3AA-60D8-44D5-8BA8-21FA60D2AE9C}.Debug|ARM.ActiveCfg = Debug|Win32
		{CB9CF3AA-60D8-44D5-8BA8-21FA60D2AE9C}.Debug|ARM64.ActiveCfg = Debug|Win32
		{CB9CF3AA-60D8-44D5-8BA8-21FA60D2AE9C}.Debug|x64.ActiveCfg = Debug|x64
		{CB9CF3AA-60D8-44D5-8BA8-21FA60D2AE9C}.Debug|x64.Build.0 = Debug|x64
		{CB9CF3AA-60D8-44D5-8BA8-21FA60D2AE9C}.Debug|x86.ActiveCfg = Debug|Win32
		{CB9CF3AA-60D8-44D5-8BA8-21FA60D2AE9C}.Debug|x86.Build.0 = Debug|Win32
		{CB9CF3AA-60D8-44D5-8BA8-21FA60D2AE9C}.Release|ARM.ActiveCfg = Release|Win32
		{CB9CF3AA-60D8-44D5-8BA8-21FA60D2AE9C}.Release|ARM64.ActiveCfg = Release|Win32
		{CB9CF3AA-60D8-44D5-8BA8-21FA60D2AE9C}.Release|x64.ActiveCfg = Release|x64
		{CB9CF3AA-60D8-44D5-8BA8-21FA60D2AE9C}.Release|x64.Build.0 = Release|x64
		{CB9CF3AA-60D8-44D5-8BA8-21FA60D2AE9C}.Release|x86.ActiveCfg = Release|Win32
		{CB9CF3AA-60D8-44D5-8BA8-21FA60D2AE9C}.Release|x86.Build.0 = Release|Win32
		{B38682DB-FEB5-4847-885B-4A72FBB6179D}.Debug|ARM.ActiveCfg = Debug|ARM
		{B38682DB-FEB5-4847-885B-4A72FBB6179D}.Debug|ARM.Build.0 = Debug|ARM
		{B38682DB-FEB5-4847-885B-4A72FBB6179D}.Debug|ARM64.ActiveCfg = Debug|ARM64
		{B38682DB-FEB5-4847-885B-4A72FBB6179D}.Debug|ARM64.Build.0 = Debug|ARM64
		{B38682DB-FEB5-4847-885B-4A72FBB6179D}.Debug|x64.ActiveCfg = Debug|x64
		{B38682DB-FEB5-4847-885B-4A72FBB6179D}.Debug|x64.Build.0 = Debug|x64
		{B38682DB-FEB5-4847-885B-4A72FBB6179D}.Debug|x86.ActiveCfg = Debug|x86
		{B38682DB-FEB5-4847-885B-4A72FBB6179D}.Debug|x86.Build.0 = Debug|x86
		{B38682DB-FEB5-4847-885B-4A72FBB6179D}.Release|ARM.ActiveCfg = Release|ARM
		{B38682DB-FEB5-4847-885B-4A72FBB6179D}.Release|ARM.Build.0 = Release|ARM
		{B38682DB-FEB5-4847-885B-4A72FBB6179D}.Release|ARM64.ActiveCfg = Release|ARM64
		{B38682DB-FEB5-4847-885B-4A72FBB6179D}.Release|ARM64.Build.0 = Release|ARM64
		{B38682DB-FEB5-4847-885B-4A72FBB6179D}.Release|x64.ActiveCfg = Release|x64
		{B38682DB-FEB5-4847-885B-4A72FBB6179D}.Release|x64.Build.0 = Release|x64
		{B38682DB-FEB5-4847-885B-4A72FBB6179D}.Release|x86.ActiveCfg = Release|x86
		{B38682DB-FEB5-4847-885B-4A72FBB6179D}.Release|x86.Build.0 = Release|x86
		{B18D92CA-D032-4064-B4F7-8C9B6CDA15A2}.Debug|ARM.ActiveCfg = Debug|Win32
		{B18D92CA-D032-4064-B4F7-8C9B6CDA15A2}.Debug|ARM64.ActiveCfg = Debug|Win32
		{B18D92CA-D032-4064-B4F7-8C9B6CDA15A2}.Debug|x64.ActiveCfg = Debug|x64
		{B18D92CA-D032-4064-B4F7-8C9B6CDA15A2}.Debug|x64.Build.0 = Debug|x64
		{B18D92CA-D032-4064-B4F7-8C9B6CDA15A2}.Debug|x86.ActiveCfg = Debug|Win32
		{B18D92CA-D032-4064-B4F7-8C9B6CDA15A2}.Debug|x86.Build.0 = Debug|Win32
		{B18D92CA-D032-4064-B4F7-8C9B6CDA15A2}.Release|ARM.ActiveCfg = Release|Win32
		{B18D92CA-D032-4064-B4F7-8C9B6CDA15A2}.Release|ARM64.ActiveCfg = Release|Win32
		{B18D92CA-D032-4064-B4F7-8C9B6CDA15A2}.Release|x64.ActiveCfg = Release|x64
		{B18D92CA-D032-4064-B4F7-8C9B6CDA15A2}.Release|x64.Build.0 = Release|x64
		{B18D92CA-D032-4064-B4F7-8C9B6CDA15A2}.Release|x86.ActiveCfg = Release|Win32
		{B18D92CA-D032-4064-B4F7-8C9B6CDA15A2}.Release|x86.Build.0 = Release|Win32
	EndGlobalSection
	GlobalSection(SolutionProperties) = preSolution
		HideSolutionNode = FALSE
	EndGlobalSection
	GlobalSection(NestedProjects) = preSolution
		{B863BA1D-D867-405C-B3B5-309221108F64} = {962C9A51-8676-466B-B506-D147AA648AD7}
		{CB9CF3AA-60D8-44D5-8BA8-21FA60D2AE9C} = {962C9A51-8676-466B-B506-D147AA648AD7}
		{B38682DB-FEB5-4847-885B-4A72FBB6179D} = {D2AC1776-57C3-40FF-A0F4-6B5179BD8ADD}
		{B18D92CA-D032-4064-B4F7-8C9B6CDA15A2} = {D2AC1776-57C3-40FF-A0F4-6B5179BD8ADD}
		{107EC0F0-37AC-40DF-8CAF-1AE71D7C300D} = {962C9A51-8676-466B-B506-D147AA648AD7}
	EndGlobalSection
	GlobalSection(ExtensibilityGlobals) = postSolution
		SolutionGuid = {A7CFD075-1324-400B-8D5D-1EEA950077F3}
	EndGlobalSection
EndGlobal
